hash: a9730c9056fb071bfc14c5144429ae509cf6adcf8f1326d64e2ce8bc0019f2a7
updated: 2016-01-20T20:39:01.852801369-07:00
imports:
- name: github.com/armon/consul-api
  version: dcfedd50ed5334f96adee43fc88518a4f095e15c
- name: github.com/aws/aws-sdk-go
  version: 727e1f596b6b59700b4d286af9ca41747066685d
- name: github.com/BurntSushi/toml
  version: 056c9bc7be7190eaa7715723883caffa5f8fa3e4
- name: github.com/coreos/go-etcd
  version: 003851be7bb0694fe3cc457a49529a19388ee7cf
- name: github.com/cpuguy83/go-md2man
  version: 2724a9c9051aa62e9cca11304e7dd518e9e41599
- name: github.com/go-ini/ini
  version: 03e0e7d51a13a91c765d8d0161246bc14a38001a
- name: github.com/golang/protobuf
  version: aece6fb931241ad332956db4f62798dfbea944b3
  subpackages:
  - proto
- name: github.com/hashicorp/hcl
  version: 578dd9746824a54637686b51a41bad457a56bcef
- name: github.com/inconshreveable/log15
  version: 210d6fdc4d979ef6579778f1b6ed84571454abb4
- name: github.com/inconshreveable/mousetrap
  version: 76626ae9c91c4f2a10f34cad8ce83ea42c93bb75
- name: github.com/jmespath/go-jmespath
  version: c01cf91b011868172fdcd9f41838e80c9d716264
- name: github.com/juju/errors
  version: c0df0ec25769267b33906656c01cc066e60dda8e
- name: github.com/juju/loggo
  version: e7f361cff40a95b186f40b6f4f13fc3f6bee9a43
- name: github.com/kr/pretty
  version: e6ac2fc51e89a3249e82157fa0bb7a18ef9dd5bb
- name: github.com/kr/pty
  version: f7ee69f31298ecbe5d2b349c711e2547a617d398
- name: github.com/kr/text
  version: bb797dc4fb8320488f47bf11de07a733d7233e1f
- name: github.com/lsegal/gucumber
  version: e8116c9c66e641e9f81fc0a79fac923dfc646378
- name: github.com/magiconair/properties
  version: 6ac0b95f449268951dd5c100682ea687a9866ea1
- name: github.com/mattn/go-colorable
  version: 51a7e7a8b1665b25ca173debdc8d52d493348f15
- name: github.com/mitchellh/mapstructure
  version: 281073eb9eb092240d33ef253c404f1cca550309
- name: github.com/pborman/uuid
  version: ca53cad383cad2479bbba7f7a1a05797ec1386e4
- name: github.com/russross/blackfriday
  version: c8875c0ed47e07b063c3628e2e4d4c9826721795
- name: github.com/sclasen/swfsm
  version: 68dc036b5b00888acb0d445860cb18b5b3bfe273
  subpackages:
  - /fsm
  - /sugar
- name: github.com/shiena/ansicolor
  version: a422bbe96644373c5753384a59d678f7d261ff10
- name: github.com/shurcooL/sanitized_anchor_name
  version: 10ef21a441db47d8b13ebcc5fd2310f636973c77
- name: github.com/spf13/cast
  version: ee815aaf958c707ad07547cd62150d973710f747
- name: github.com/spf13/cobra
  version: 6efbf0b624dccb17ac2b965f9b729d424d80bf17
- name: github.com/spf13/jwalterweatherman
  version: c2aa07df593850a04644d77bb757d002e517a296
- name: github.com/spf13/pflag
  version: 08b1a584251b5b62f458943640fc8ebd4d50aaa5
- name: github.com/spf13/viper
  version: a212099cbe6fbe8d07476bfda8d2d39b6ff8f325
- name: github.com/stretchr/objx
  version: cbeaeb16a013161a98496fad62933b1d21786672
- name: github.com/stretchr/testify
  version: e22aedd37671fb115be6c0c25129c405cb575cfd
  subpackages:
  - /mock
- name: github.com/twinj/uuid
  version: 89173bcdda19db0eb88aef1e1cb1cb2505561d31
- name: github.com/ugorji/go
  version: 646ae4a518c1c3be0739df898118d9bccf993858
- name: github.com/xordataexchange/crypt
  version: 749e360c8f236773f28fc6d3ddfce4a470795227
- name: golang.org/x/crypto
  version: f23ba3a5ee43012fcb4b92e1a2a405a92554f4f2
- name: golang.org/x/net
  version: f1d3149ecb40ffadf4a28d39a30f9a125fe57bdf
- name: golang.org/x/text
  version: cf4986612c83df6c55578ba198316d1684a9a287
- name: golang.org/x/tools
  version: 4ad533583d0194672e7d3bc6fb8b67c8e905d853
- name: gopkg.in/fsnotify.v1
  version: 7be54206639f256967dd82fa767397ba5f8f48f5
- name: gopkg.in/yaml.v2
  version: 53feefa2559fb8dfa8d81baad31be332c97d6c77
devImports: []
